// !$*UTF8*$!
{
	archiveVersion = 1;
	classes = {
	};
	objectVersion = 77;
	objects = {

/* Begin PBXBuildFile section */
		09D78EFDD53CF4624923DB15 /* AppMetricaCore in Frameworks */ = {isa = PBXBuildFile; platformFilter = ios; productRef = C94648A8414C621497EFE0F8 /* AppMetricaCore */; };
		1F9540707D7E407E1E1196C7 /* PreviewVideoUITests.swift in Sources */ = {isa = PBXBuildFile; fileRef = D25110CC961A441485B7C1EE /* PreviewVideoUITests.swift */; };
		24F652F5732F6BFED0F6AF99 /* FuturesCalcApp.swift in Sources */ = {isa = PBXBuildFile; fileRef = 2DD605BBF983E6580CBD1984 /* FuturesCalcApp.swift */; };
		5F8E75D70356E4D3D4C859B0 /* TraderSuite.storekit in Resources */ = {isa = PBXBuildFile; fileRef = 1AB9047C1BED30F9DE327CE0 /* TraderSuite.storekit */; };
		600C5E6FE9F5FBF628ADA318 /* Features in Frameworks */ = {isa = PBXBuildFile; productRef = C3BC3BD196E3AB8E3972F38A /* Features */; };
		93880B90AC336B914018B781 /* Assets.xcassets in Resources */ = {isa = PBXBuildFile; fileRef = 518917C923354E42F327D924 /* Assets.xcassets */; };
		A70748727A528BDA4AFA993A /* AppMetricaAnalytics.swift in Sources */ = {isa = PBXBuildFile; fileRef = F1CBAD9AA6883B0A906A40CB /* AppMetricaAnalytics.swift */; };
		BBF8288FCCC42734EC88EFE6 /* ScreenshotUITests.swift in Sources */ = {isa = PBXBuildFile; fileRef = 5CB7B8358E0C591FF6771F64 /* ScreenshotUITests.swift */; };
		E8EA06164895BB909E1F6401 /* Localizable.strings in Resources */ = {isa = PBXBuildFile; fileRef = 23D434463C88567ECBFE485B /* Localizable.strings */; };
/* End PBXBuildFile section */

/* Begin PBXContainerItemProxy section */
		48E5D8BFACE04A7A36247799 /* PBXContainerItemProxy */ = {
			isa = PBXContainerItemProxy;
			containerPortal = 7469BF446D0B038605426A5A /* Project object */;
			proxyType = 1;
			remoteGlobalIDString = F67E2403754726E1D9311B26;
			remoteInfo = TraderSuite;
		};
/* End PBXContainerItemProxy section */

/* Begin PBXFileReference section */
		091BD528B018D09CA59D40F4 /* ru */ = {isa = PBXFileReference; lastKnownFileType = text.plist.strings; name = ru; path = ru.lproj/Localizable.strings; sourceTree = "<group>"; };
		09CEA0E00635F73466AE24C6 /* TraderSuiteKit */ = {isa = PBXFileReference; lastKnownFileType = folder; path = TraderSuiteKit; sourceTree = SOURCE_ROOT; };
		137180C2D89F3BF45349C261 /* Info.plist */ = {isa = PBXFileReference; lastKnownFileType = text.plist; path = Info.plist; sourceTree = "<group>"; };
		1AB9047C1BED30F9DE327CE0 /* TraderSuite.storekit */ = {isa = PBXFileReference; lastKnownFileType = text; path = TraderSuite.storekit; sourceTree = "<group>"; };
		2DD605BBF983E6580CBD1984 /* FuturesCalcApp.swift */ = {isa = PBXFileReference; lastKnownFileType = sourcecode.swift; path = FuturesCalcApp.swift; sourceTree = "<group>"; };
		3B32DB413F8D9B9BE8DA062D /* TraderSuiteUITests.xctest */ = {isa = PBXFileReference; includeInIndex = 0; lastKnownFileType = wrapper.cfbundle; path = TraderSuiteUITests.xctest; sourceTree = BUILT_PRODUCTS_DIR; };
		518917C923354E42F327D924 /* Assets.xcassets */ = {isa = PBXFileReference; lastKnownFileType = folder.assetcatalog; path = Assets.xcassets; sourceTree = "<group>"; };
		5CB7B8358E0C591FF6771F64 /* ScreenshotUITests.swift */ = {isa = PBXFileReference; lastKnownFileType = sourcecode.swift; path = ScreenshotUITests.swift; sourceTree = "<group>"; };
		8EECF98A102CA3E2E3BFBB52 /* TraderSuite.app */ = {isa = PBXFileReference; explicitFileType = wrapper.application; includeInIndex = 0; path = TraderSuite.app; sourceTree = BUILT_PRODUCTS_DIR; };
		B032B344D9DA8659C28AC020 /* en */ = {isa = PBXFileReference; lastKnownFileType = text.plist.strings; name = en; path = en.lproj/Localizable.strings; sourceTree = "<group>"; };
		D25110CC961A441485B7C1EE /* PreviewVideoUITests.swift */ = {isa = PBXFileReference; lastKnownFileType = sourcecode.swift; path = PreviewVideoUITests.swift; sourceTree = "<group>"; };
		F1CBAD9AA6883B0A906A40CB /* AppMetricaAnalytics.swift */ = {isa = PBXFileReference; lastKnownFileType = sourcecode.swift; path = AppMetricaAnalytics.swift; sourceTree = "<group>"; };
/* End PBXFileReference section */

/* Begin PBXFrameworksBuildPhase section */
		F27590EDDA686F5B53CCCEFA /* Frameworks */ = {
			isa = PBXFrameworksBuildPhase;
			buildActionMask = 2147483647;
			files = (
				600C5E6FE9F5FBF628ADA318 /* Features in Frameworks */,
				09D78EFDD53CF4624923DB15 /* AppMetricaCore in Frameworks */,
			);
			runOnlyForDeploymentPostprocessing = 0;
		};
/* End PBXFrameworksBuildPhase section */

/* Begin PBXGroup section */
		A38A619E5E02409CC2E0A918 /* Products */ = {
			isa = PBXGroup;
			children = (
				8EECF98A102CA3E2E3BFBB52 /* TraderSuite.app */,
				3B32DB413F8D9B9BE8DA062D /* TraderSuiteUITests.xctest */,
			);
			name = Products;
			sourceTree = "<group>";
		};
		EB17182697558C89EF38A3AA /* Packages */ = {
			isa = PBXGroup;
			children = (
				09CEA0E00635F73466AE24C6 /* TraderSuiteKit */,
			);
			name = Packages;
			sourceTree = "<group>";
		};
		F8080F5418309ADDB562F9E8 /* UITests */ = {
			isa = PBXGroup;
			children = (
				D25110CC961A441485B7C1EE /* PreviewVideoUITests.swift */,
				5CB7B8358E0C591FF6771F64 /* ScreenshotUITests.swift */,
			);
			path = UITests;
			sourceTree = "<group>";
		};
		FD2642BA972B51620CBA2F8B /* App */ = {
			isa = PBXGroup;
			children = (
				F1CBAD9AA6883B0A906A40CB /* AppMetricaAnalytics.swift */,
				518917C923354E42F327D924 /* Assets.xcassets */,
				2DD605BBF983E6580CBD1984 /* FuturesCalcApp.swift */,
				137180C2D89F3BF45349C261 /* Info.plist */,
				1AB9047C1BED30F9DE327CE0 /* TraderSuite.storekit */,
				23D434463C88567ECBFE485B /* Localizable.strings */,
			);
			path = App;
			sourceTree = "<group>";
		};
		FE0C1BB878344A637693ABE4 = {
			isa = PBXGroup;
			children = (
				FD2642BA972B51620CBA2F8B /* App */,
				EB17182697558C89EF38A3AA /* Packages */,
				F8080F5418309ADDB562F9E8 /* UITests */,
				A38A619E5E02409CC2E0A918 /* Products */,
			);
			sourceTree = "<group>";
		};
/* End PBXGroup section */

/* Begin PBXNativeTarget section */
		C52866DE1DF10F7E2CB64068 /* TraderSuiteUITests */ = {
			isa = PBXNativeTarget;
			buildConfigurationList = 907EACAD99B810CFFAA9DC67 /* Build configuration list for PBXNativeTarget "TraderSuiteUITests" */;
			buildPhases = (
				BAC8081F4F4D224152582F54 /* Sources */,
			);
			buildRules = (
			);
			dependencies = (
				638DB101175D5BA586B36993 /* PBXTargetDependency */,
			);
			name = TraderSuiteUITests;
			packageProductDependencies = (
			);
			productName = TraderSuiteUITests;
			productReference = 3B32DB413F8D9B9BE8DA062D /* TraderSuiteUITests.xctest */;
			productType = "com.apple.product-type.bundle.ui-testing";
		};
		F67E2403754726E1D9311B26 /* TraderSuite */ = {
			isa = PBXNativeTarget;
			buildConfigurationList = 91D25CC8AF3A9E476F47397C /* Build configuration list for PBXNativeTarget "TraderSuite" */;
			buildPhases = (
				56F19B13ECC2CCEAFEDB727F /* Sources */,
				A07998F29826A73B83A7EA00 /* Resources */,
				F27590EDDA686F5B53CCCEFA /* Frameworks */,
			);
			buildRules = (
			);
			dependencies = (
			);
			name = TraderSuite;
			packageProductDependencies = (
				C3BC3BD196E3AB8E3972F38A /* Features */,
				C94648A8414C621497EFE0F8 /* AppMetricaCore */,
			);
			productName = TraderSuite;
			productReference = 8EECF98A102CA3E2E3BFBB52 /* TraderSuite.app */;
			productType = "com.apple.product-type.application";
		};
/* End PBXNativeTarget section */

/* Begin PBXProject section */
		7469BF446D0B038605426A5A /* Project object */ = {
			isa = PBXProject;
			attributes = {
				BuildIndependentTargetsInParallel = YES;
				LastUpgradeCheck = 1430;
				TargetAttributes = {
					C52866DE1DF10F7E2CB64068 = {
						ProvisioningStyle = Manual;
						TestTargetID = F67E2403754726E1D9311B26;
					};
					F67E2403754726E1D9311B26 = {
						DevelopmentTeam = 485UNLA592;
						ProvisioningStyle = Automatic;
					};
				};
			};
			buildConfigurationList = 710ACFA94F587C158CAC9569 /* Build configuration list for PBXProject "TraderSuite" */;
			developmentRegion = en;
			hasScannedForEncodings = 0;
			knownRegions = (
				Base,
				en,
				ru,
			);
			mainGroup = FE0C1BB878344A637693ABE4;
			minimizedProjectReferenceProxies = 1;
			packageReferences = (
				0A6E2578E55CBC9CE74F13AE /* XCRemoteSwiftPackageReference "appmetrica-sdk-ios" */,
				ECFAC718549D8B7BE39F92BD /* XCLocalSwiftPackageReference "TraderSuiteKit" */,
			);
			preferredProjectObjectVersion = 77;
			productRefGroup = A38A619E5E02409CC2E0A918 /* Products */;
			projectDirPath = "";
			projectRoot = "";
			targets = (
				F67E2403754726E1D9311B26 /* TraderSuite */,
				C52866DE1DF10F7E2CB64068 /* TraderSuiteUITests */,
			);
		};
/* End PBXProject section */

/* Begin PBXResourcesBuildPhase section */
		A07998F29826A73B83A7EA00 /* Resources */ = {
			isa = PBXResourcesBuildPhase;
			buildActionMask = 2147483647;
			files = (
				93880B90AC336B914018B781 /* Assets.xcassets in Resources */,
				E8EA06164895BB909E1F6401 /* Localizable.strings in Resources */,
				5F8E75D70356E4D3D4C859B0 /* TraderSuite.storekit in Resources */,
			);
			runOnlyForDeploymentPostprocessing = 0;
		};
/* End PBXResourcesBuildPhase section */

/* Begin PBXSourcesBuildPhase section */
		56F19B13ECC2CCEAFEDB727F /* Sources */ = {
			isa = PBXSourcesBuildPhase;
			buildActionMask = 2147483647;
			files = (
				A70748727A528BDA4AFA993A /* AppMetricaAnalytics.swift in Sources */,
				24F652F5732F6BFED0F6AF99 /* FuturesCalcApp.swift in Sources */,
			);
			runOnlyForDeploymentPostprocessing = 0;
		};
		BAC8081F4F4D224152582F54 /* Sources */ = {
			isa = PBXSourcesBuildPhase;
			buildActionMask = 2147483647;
			files = (
				1F9540707D7E407E1E1196C7 /* PreviewVideoUITests.swift in Sources */,
				BBF8288FCCC42734EC88EFE6 /* ScreenshotUITests.swift in Sources */,
			);
			runOnlyForDeploymentPostprocessing = 0;
		};
/* End PBXSourcesBuildPhase section */

/* Begin PBXTargetDependency section */
		638DB101175D5BA586B36993 /* PBXTargetDependency */ = {
			isa = PBXTargetDependency;
			target = F67E2403754726E1D9311B26 /* TraderSuite */;
			targetProxy = 48E5D8BFACE04A7A36247799 /* PBXContainerItemProxy */;
		};
/* End PBXTargetDependency section */

/* Begin PBXVariantGroup section */
		23D434463C88567ECBFE485B /* Localizable.strings */ = {
			isa = PBXVariantGroup;
			children = (
				B032B344D9DA8659C28AC020 /* en */,
				091BD528B018D09CA59D40F4 /* ru */,
			);
			name = Localizable.strings;
			sourceTree = "<group>";
		};
/* End PBXVariantGroup section */

/* Begin XCBuildConfiguration section */
		0AA42EC0E31F8B935FD7B986 /* Debug */ = {
			isa = XCBuildConfiguration;
			buildSettings = {
				ASSETCATALOG_COMPILER_APPICON_NAME = AppIcon;
				CODE_SIGNING_ALLOWED = YES;
				CODE_SIGNING_REQUIRED = NO;
				CODE_SIGN_ENTITLEMENTS = TraderSuite.entitlements;
				CODE_SIGN_IDENTITY = "Apple Development";
				CODE_SIGN_STYLE = Automatic;
				CURRENT_PROJECT_VERSION = 1;
				DEVELOPMENT_TEAM = 485UNLA592;
				ENABLE_PREVIEWS = YES;
				GENERATE_INFOPLIST_FILE = YES;
				INFOPLIST_FILE = App/Info.plist;
				INFOPLIST_KEY_CFBundleDisplayName = TraderSuite;
				INFOPLIST_KEY_LSApplicationCategoryType = "public.app-category.finance";
				INFOPLIST_KEY_UILaunchScreen_Generation = YES;
				INFOPLIST_KEY_UISupportedInterfaceOrientations = UIInterfaceOrientationPortrait;
				INFOPLIST_KEY_UISupportedInterfaceOrientations_iPad = "UIInterfaceOrientationLandscapeLeft UIInterfaceOrientationLandscapeRight UIInterfaceOrientationPortrait UIInterfaceOrientationPortraitUpsideDown";
				LD_RUNPATH_SEARCH_PATHS = (
					"$(inherited)",
					"@executable_path/Frameworks",
				);
				MARKETING_VERSION = 1.0;
				PRODUCT_BUNDLE_IDENTIFIER = com.mesterra.tradersuite;
				PRODUCT_NAME = TraderSuite;
				SDKROOT = auto;
				SUPPORTED_PLATFORMS = "iphoneos iphonesimulator macosx";
				SUPPORTS_MACCATALYST = NO;
				SUPPORTS_MAC_DESIGNED_FOR_IPHONE_IPAD = NO;
				SUPPORTS_XR_DESIGNED_FOR_IPHONE_IPAD = NO;
				SWIFT_VERSION = 6.0;
				TARGETED_DEVICE_FAMILY = "1,2";
			};
			name = Debug;
		};
		13014C9D53B5103B377386E8 /* Release */ = {
			isa = XCBuildConfiguration;
			buildSettings = {
				ASSETCATALOG_COMPILER_APPICON_NAME = AppIcon;
				CODE_SIGNING_ALLOWED = YES;
				CODE_SIGNING_REQUIRED = NO;
				CODE_SIGN_ENTITLEMENTS = TraderSuite.entitlements;
				CODE_SIGN_IDENTITY = "Apple Development";
				CODE_SIGN_STYLE = Automatic;
				CURRENT_PROJECT_VERSION = 1;
				DEVELOPMENT_TEAM = 485UNLA592;
				ENABLE_PREVIEWS = YES;
				GENERATE_INFOPLIST_FILE = YES;
				INFOPLIST_FILE = App/Info.plist;
				INFOPLIST_KEY_CFBundleDisplayName = TraderSuite;
				INFOPLIST_KEY_LSApplicationCategoryType = "public.app-category.finance";
				INFOPLIST_KEY_UILaunchScreen_Generation = YES;
				INFOPLIST_KEY_UISupportedInterfaceOrientations = UIInterfaceOrientationPortrait;
				INFOPLIST_KEY_UISupportedInterfaceOrientations_iPad = "UIInterfaceOrientationLandscapeLeft UIInterfaceOrientationLandscapeRight UIInterfaceOrientationPortrait UIInterfaceOrientationPortraitUpsideDown";
				LD_RUNPATH_SEARCH_PATHS = (
					"$(inherited)",
					"@executable_path/Frameworks",
				);
				MARKETING_VERSION = 1.0;
				PRODUCT_BUNDLE_IDENTIFIER = com.mesterra.tradersuite;
				PRODUCT_NAME = TraderSuite;
				SDKROOT = auto;
				SUPPORTED_PLATFORMS = "iphoneos iphonesimulator macosx";
				SUPPORTS_MACCATALYST = NO;
				SUPPORTS_MAC_DESIGNED_FOR_IPHONE_IPAD = NO;
				SUPPORTS_XR_DESIGNED_FOR_IPHONE_IPAD = NO;
				SWIFT_VERSION = 6.0;
				TARGETED_DEVICE_FAMILY = "1,2";
			};
			name = Release;
		};
		5AC78C46E701F971C6B307A2 /* Release */ = {
			isa = XCBuildConfiguration;
			buildSettings = {
				BUNDLE_LOADER = "$(TEST_HOST)";
				CODE_SIGNING_ALLOWED = YES;
				CODE_SIGNING_REQUIRED = NO;
				CODE_SIGN_IDENTITY = "-";
				CODE_SIGN_STYLE = Manual;
				GENERATE_INFOPLIST_FILE = YES;
				LD_RUNPATH_SEARCH_PATHS = (
					"$(inherited)",
					"@executable_path/Frameworks",
					"@loader_path/Frameworks",
				);
				PRODUCT_BUNDLE_IDENTIFIER = com.mesterra.tradersuite.uitests;
				SDKROOT = auto;
				SUPPORTED_PLATFORMS = "iphoneos iphonesimulator";
				SUPPORTS_MACCATALYST = NO;
				SUPPORTS_MAC_DESIGNED_FOR_IPHONE_IPAD = YES;
				SUPPORTS_XR_DESIGNED_FOR_IPHONE_IPAD = YES;
				SWIFT_VERSION = 6.0;
				TARGETED_DEVICE_FAMILY = "1,2";
				TEST_TARGET_NAME = TraderSuite;
			};
			name = Release;
		};
		6EBDAA9ADA4A46D8C1655BE3 /* Debug */ = {
			isa = XCBuildConfiguration;
			buildSettings = {
				ALWAYS_SEARCH_USER_PATHS = NO;
				CLANG_ANALYZER_NONNULL = YES;
				CLANG_ANALYZER_NUMBER_OBJECT_CONVERSION = YES_AGGRESSIVE;
				CLANG_CXX_LANGUAGE_STANDARD = "gnu++14";
				CLANG_CXX_LIBRARY = "libc++";
				CLANG_ENABLE_MODULES = YES;
				CLANG_ENABLE_OBJC_ARC = YES;
				CLANG_ENABLE_OBJC_WEAK = YES;
				CLANG_WARN_BLOCK_CAPTURE_AUTORELEASING = YES;
				CLANG_WARN_BOOL_CONVERSION = YES;
				CLANG_WARN_COMMA = YES;
				CLANG_WARN_CONSTANT_CONVERSION = YES;
				CLANG_WARN_DEPRECATED_OBJC_IMPLEMENTATIONS = YES;
				CLANG_WARN_DIRECT_OBJC_ISA_USAGE = YES_ERROR;
				CLANG_WARN_DOCUMENTATION_COMMENTS = YES;
				CLANG_WARN_EMPTY_BODY = YES;
				CLANG_WARN_ENUM_CONVERSION = YES;
				CLANG_WARN_INFINITE_RECURSION = YES;
				CLANG_WARN_INT_CONVERSION = YES;
				CLANG_WARN_NON_LITERAL_NULL_CONVERSION = YES;
				CLANG_WARN_OBJC_IMPLICIT_RETAIN_SELF = YES;
				CLANG_WARN_OBJC_LITERAL_CONVERSION = YES;
				CLANG_WARN_OBJC_ROOT_CLASS = YES_ERROR;
				CLANG_WARN_QUOTED_INCLUDE_IN_FRAMEWORK_HEADER = YES;
				CLANG_WARN_RANGE_LOOP_ANALYSIS = YES;
				CLANG_WARN_STRICT_PROTOTYPES = YES;
				CLANG_WARN_SUSPICIOUS_MOVE = YES;
				CLANG_WARN_UNGUARDED_AVAILABILITY = YES_AGGRESSIVE;
				CLANG_WARN_UNREACHABLE_CODE = YES;
				CLANG_WARN__DUPLICATE_METHOD_MATCH = YES;
				COPY_PHASE_STRIP = NO;
				DEBUG_INFORMATION_FORMAT = dwarf;
				ENABLE_STRICT_OBJC_MSGSEND = YES;
				ENABLE_TESTABILITY = YES;
				GCC_C_LANGUAGE_STANDARD = gnu11;
				GCC_DYNAMIC_NO_PIC = NO;
				GCC_NO_COMMON_BLOCKS = YES;
				GCC_OPTIMIZATION_LEVEL = 0;
				GCC_PREPROCESSOR_DEFINITIONS = (
					"$(inherited)",
					"DEBUG=1",
				);
				GCC_WARN_64_TO_32_BIT_CONVERSION = YES;
				GCC_WARN_ABOUT_RETURN_TYPE = YES_ERROR;
				GCC_WARN_UNDECLARED_SELECTOR = YES;
				GCC_WARN_UNINITIALIZED_AUTOS = YES_AGGRESSIVE;
				GCC_WARN_UNUSED_FUNCTION = YES;
				GCC_WARN_UNUSED_VARIABLE = YES;
				IPHONEOS_DEPLOYMENT_TARGET = 26.0;
				MACOSX_DEPLOYMENT_TARGET = 26.0;
				MTL_ENABLE_DEBUG_INFO = INCLUDE_SOURCE;
				MTL_FAST_MATH = YES;
				ONLY_ACTIVE_ARCH = YES;
				PRODUCT_NAME = "$(TARGET_NAME)";
				SDKROOT = auto;
				SWIFT_ACTIVE_COMPILATION_CONDITIONS = DEBUG;
				SWIFT_OPTIMIZATION_LEVEL = "-Onone";
				SWIFT_VERSION = 5.0;
			};
			name = Debug;
		};
		EE6BC9FFDC5C8B55D4F6DB84 /* Debug */ = {
			isa = XCBuildConfiguration;
			buildSettings = {
				BUNDLE_LOADER = "$(TEST_HOST)";
				CODE_SIGNING_ALLOWED = YES;
				CODE_SIGNING_REQUIRED = NO;
				CODE_SIGN_IDENTITY = "-";
				CODE_SIGN_STYLE = Manual;
				GENERATE_INFOPLIST_FILE = YES;
				LD_RUNPATH_SEARCH_PATHS = (
					"$(inherited)",
					"@executable_path/Frameworks",
					"@loader_path/Frameworks",
				);
				PRODUCT_BUNDLE_IDENTIFIER = com.mesterra.tradersuite.uitests;
				SDKROOT = auto;
				SUPPORTED_PLATFORMS = "iphoneos iphonesimulator";
				SUPPORTS_MACCATALYST = NO;
				SUPPORTS_MAC_DESIGNED_FOR_IPHONE_IPAD = YES;
				SUPPORTS_XR_DESIGNED_FOR_IPHONE_IPAD = YES;
				SWIFT_VERSION = 6.0;
				TARGETED_DEVICE_FAMILY = "1,2";
				TEST_TARGET_NAME = TraderSuite;
			};
			name = Debug;
		};
		F21B9F6AB61FE2FECED08A3E /* Release */ = {
			isa = XCBuildConfiguration;
			buildSettings = {
				ALWAYS_SEARCH_USER_PATHS = NO;
				CLANG_ANALYZER_NONNULL = YES;
				CLANG_ANALYZER_NUMBER_OBJECT_CONVERSION = YES_AGGRESSIVE;
				CLANG_CXX_LANGUAGE_STANDARD = "gnu++14";
				CLANG_CXX_LIBRARY = "libc++";
				CLANG_ENABLE_MODULES = YES;
				CLANG_ENABLE_OBJC_ARC = YES;
				CLANG_ENABLE_OBJC_WEAK = YES;
				CLANG_WARN_BLOCK_CAPTURE_AUTORELEASING = YES;
				CLANG_WARN_BOOL_CONVERSION = YES;
				CLANG_WARN_COMMA = YES;
				CLANG_WARN_CONSTANT_CONVERSION = YES;
				CLANG_WARN_DEPRECATED_OBJC_IMPLEMENTATIONS = YES;
				CLANG_WARN_DIRECT_OBJC_ISA_USAGE = YES_ERROR;
				CLANG_WARN_DOCUMENTATION_COMMENTS = YES;
				CLANG_WARN_EMPTY_BODY = YES;
				CLANG_WARN_ENUM_CONVERSION = YES;
				CLANG_WARN_INFINITE_RECURSION = YES;
				CLANG_WARN_INT_CONVERSION = YES;
				CLANG_WARN_NON_LITERAL_NULL_CONVERSION = YES;
				CLANG_WARN_OBJC_IMPLICIT_RETAIN_SELF = YES;
				CLANG_WARN_OBJC_LITERAL_CONVERSION = YES;
				CLANG_WARN_OBJC_ROOT_CLASS = YES_ERROR;
				CLANG_WARN_QUOTED_INCLUDE_IN_FRAMEWORK_HEADER = YES;
				CLANG_WARN_RANGE_LOOP_ANALYSIS = YES;
				CLANG_WARN_STRICT_PROTOTYPES = YES;
				CLANG_WARN_SUSPICIOUS_MOVE = YES;
				CLANG_WARN_UNGUARDED_AVAILABILITY = YES_AGGRESSIVE;
				CLANG_WARN_UNREACHABLE_CODE = YES;
				CLANG_WARN__DUPLICATE_METHOD_MATCH = YES;
				COPY_PHASE_STRIP = NO;
				DEBUG_INFORMATION_FORMAT = "dwarf-with-dsym";
				ENABLE_NS_ASSERTIONS = NO;
				ENABLE_STRICT_OBJC_MSGSEND = YES;
				GCC_C_LANGUAGE_STANDARD = gnu11;
				GCC_NO_COMMON_BLOCKS = YES;
				GCC_WARN_64_TO_32_BIT_CONVERSION = YES;
				GCC_WARN_ABOUT_RETURN_TYPE = YES_ERROR;
				GCC_WARN_UNDECLARED_SELECTOR = YES;
				GCC_WARN_UNINITIALIZED_AUTOS = YES_AGGRESSIVE;
				GCC_WARN_UNUSED_FUNCTION = YES;
				GCC_WARN_UNUSED_VARIABLE = YES;
				IPHONEOS_DEPLOYMENT_TARGET = 26.0;
				MACOSX_DEPLOYMENT_TARGET = 26.0;
				MTL_ENABLE_DEBUG_INFO = NO;
				MTL_FAST_MATH = YES;
				PRODUCT_NAME = "$(TARGET_NAME)";
				SDKROOT = auto;
				SWIFT_COMPILATION_MODE = wholemodule;
				SWIFT_OPTIMIZATION_LEVEL = "-O";
				SWIFT_VERSION = 5.0;
			};
			name = Release;
		};
/* End XCBuildConfiguration section */

/* Begin XCConfigurationList section */
		710ACFA94F587C158CAC9569 /* Build configuration list for PBXProject "TraderSuite" */ = {
			isa = XCConfigurationList;
			buildConfigurations = (
				6EBDAA9ADA4A46D8C1655BE3 /* Debug */,
				F21B9F6AB61FE2FECED08A3E /* Release */,
			);
			defaultConfigurationIsVisible = 0;
			defaultConfigurationName = Debug;
		};
		907EACAD99B810CFFAA9DC67 /* Build configuration list for PBXNativeTarget "TraderSuiteUITests" */ = {
			isa = XCConfigurationList;
			buildConfigurations = (
				EE6BC9FFDC5C8B55D4F6DB84 /* Debug */,
				5AC78C46E701F971C6B307A2 /* Release */,
			);
			defaultConfigurationIsVisible = 0;
			defaultConfigurationName = Debug;
		};
		91D25CC8AF3A9E476F47397C /* Build configuration list for PBXNativeTarget "TraderSuite" */ = {
			isa = XCConfigurationList;
			buildConfigurations = (
				0AA42EC0E31F8B935FD7B986 /* Debug */,
				13014C9D53B5103B377386E8 /* Release */,
			);
			defaultConfigurationIsVisible = 0;
			defaultConfigurationName = Debug;
		};
/* End XCConfigurationList section */

/* Begin XCLocalSwiftPackageReference section */
		ECFAC718549D8B7BE39F92BD /* XCLocalSwiftPackageReference "TraderSuiteKit" */ = {
			isa = XCLocalSwiftPackageReference;
			relativePath = TraderSuiteKit;
		};
/* End XCLocalSwiftPackageReference section */

/* Begin XCRemoteSwiftPackageReference section */
		0A6E2578E55CBC9CE74F13AE /* XCRemoteSwiftPackageReference "appmetrica-sdk-ios" */ = {
			isa = XCRemoteSwiftPackageReference;
			repositoryURL = "https://github.com/appmetrica/appmetrica-sdk-ios";
			requirement = {
				kind = upToNextMajorVersion;
				minimumVersion = 6.0.0;
			};
		};
/* End XCRemoteSwiftPackageReference section */

/* Begin XCSwiftPackageProductDependency section */
		C3BC3BD196E3AB8E3972F38A /* Features */ = {
			isa = XCSwiftPackageProductDependency;
			productName = Features;
		};
		C94648A8414C621497EFE0F8 /* AppMetricaCore */ = {
			isa = XCSwiftPackageProductDependency;
			package = 0A6E2578E55CBC9CE74F13AE /* XCRemoteSwiftPackageReference "appmetrica-sdk-ios" */;
			productName = AppMetricaCore;
		};
/* End XCSwiftPackageProductDependency section */
	};
	rootObject = 7469BF446D0B038605426A5A /* Project object */;
}
